
Microsoft Visual Studio Solution File, Format Version 12.00
# Visual Studio 15
VisualStudioVersion = 15.0.26430.6
MinimumVisualStudioVersion = 10.0.40219.1
Project("{2150E333-8FDC-42A3-9474-1A3956D46DE8}") = "src", "src", "{01E85AC0-EFEF-4564-9EE9-9A124776B72E}"
EndProject
Project("{2150E333-8FDC-42A3-9474-1A3956D46DE8}") = "items", "items", "{96D48864-D85C-4364-A96C-3BD8DD86F6E0}"
	ProjectSection(SolutionItems) = preProject
		.gitattributes = .gitattributes
		.gitignore = .gitignore
		GitVersion.yml = GitVersion.yml
		LICENSE.md = LICENSE.md
		README.md = README.md
	EndProjectSection
EndProject
Project("{2150E333-8FDC-42A3-9474-1A3956D46DE8}") = "samples", "samples", "{68985ADC-F984-4594-AF38-6A6EEFB2DFDE}"
EndProject
Project("{2150E333-8FDC-42A3-9474-1A3956D46DE8}") = "tests", "tests", "{8DF5B138-1052-4991-88EF-FF23AE1DCC34}"
EndProject
Project("{9A19103F-16F7-4668-BE54-9A1E7A4F7556}") = "GeekLearning.Email", "src\GeekLearning.Email\GeekLearning.Email.csproj", "{474EEA84-EBFB-4925-BDC2-619C21E7EBC9}"
EndProject
Project("{9A19103F-16F7-4668-BE54-9A1E7A4F7556}") = "GeekLearning.Email.Samples", "samples\GeekLearning.Email.Samples\GeekLearning.Email.Samples.csproj", "{EDA94EFF-7FF4-4C79-BC52-93BC7E696FF6}"
EndProject
Project("{9A19103F-16F7-4668-BE54-9A1E7A4F7556}") = "GeekLearning.Email.Integration.Test", "tests\GeekLearning.Email.Integration.Test\GeekLearning.Email.Integration.Test.csproj", "{86B313ED-41D4-424F-A172-7D0E8EEE5E49}"
EndProject
Project("{9A19103F-16F7-4668-BE54-9A1E7A4F7556}") = "GeekLearning.Email.SendGrid", "src\GeekLearning.Email.SendGrid\GeekLearning.Email.SendGrid.csproj", "{8701FCC7-0420-4E57-9FD5-5B3943FD255E}"
EndProject
Project("{9A19103F-16F7-4668-BE54-9A1E7A4F7556}") = "GeekLearning.Email.InMemory", "src\GeekLearning.Email.InMemory\GeekLearning.Email.InMemory.csproj", "{8C83A791-0A38-4E42-8261-3614B336737E}"
EndProject
Project("{9A19103F-16F7-4668-BE54-9A1E7A4F7556}") = "GeekLearning.Email.Smtp", "src\GeekLearning.Email.Smtp\GeekLearning.Email.Smtp.csproj", "{707CA417-5EED-467A-A449-73A606089835}"
EndProject
Global
	GlobalSection(SolutionConfigurationPlatforms) = preSolution
		Debug|Any CPU = Debug|Any CPU
		Release|Any CPU = Release|Any CPU
	EndGlobalSection
	GlobalSection(ProjectConfigurationPlatforms) = postSolution
		{474EEA84-EBFB-4925-BDC2-619C21E7EBC9}.Debug|Any CPU.ActiveCfg = Debug|Any CPU
		{474EEA84-EBFB-4925-BDC2-619C21E7EBC9}.Debug|Any CPU.Build.0 = Debug|Any CPU
		{474EEA84-EBFB-4925-BDC2-619C21E7EBC9}.Release|Any CPU.ActiveCfg = Release|Any CPU
		{474EEA84-EBFB-4925-BDC2-619C21E7EBC9}.Release|Any CPU.Build.0 = Release|Any CPU
		{EDA94EFF-7FF4-4C79-BC52-93BC7E696FF6}.Debug|Any CPU.ActiveCfg = Debug|Any CPU
		{EDA94EFF-7FF4-4C79-BC52-93BC7E696FF6}.Debug|Any CPU.Build.0 = Debug|Any CPU
		{EDA94EFF-7FF4-4C79-BC52-93BC7E696FF6}.Release|Any CPU.ActiveCfg = Release|Any CPU
		{EDA94EFF-7FF4-4C79-BC52-93BC7E696FF6}.Release|Any CPU.Build.0 = Release|Any CPU
		{86B313ED-41D4-424F-A172-7D0E8EEE5E49}.Debug|Any CPU.ActiveCfg = Debug|Any CPU
		{86B313ED-41D4-424F-A172-7D0E8EEE5E49}.Debug|Any CPU.Build.0 = Debug|Any CPU
		{86B313ED-41D4-424F-A172-7D0E8EEE5E49}.Release|Any CPU.ActiveCfg = Release|Any CPU
		{86B313ED-41D4-424F-A172-7D0E8EEE5E49}.Release|Any CPU.Build.0 = Release|Any CPU
		{8701FCC7-0420-4E57-9FD5-5B3943FD255E}.Debug|Any CPU.ActiveCfg = Debug|Any CPU
		{8701FCC7-0420-4E57-9FD5-5B3943FD255E}.Debug|Any CPU.Build.0 = Debug|Any CPU
		{8701FCC7-0420-4E57-9FD5-5B3943FD255E}.Release|Any CPU.ActiveCfg = Release|Any CPU
		{8701FCC7-0420-4E57-9FD5-5B3943FD255E}.Release|Any CPU.Build.0 = Release|Any CPU
		{8C83A791-0A38-4E42-8261-3614B336737E}.Debug|Any CPU.ActiveCfg = Debug|Any CPU
		{8C83A791-0A38-4E42-8261-3614B336737E}.Debug|Any CPU.Build.0 = Debug|Any CPU
		{8C83A791-0A38-4E42-8261-3614B336737E}.Release|Any CPU.ActiveCfg = Release|Any CPU
		{8C83A791-0A38-4E42-8261-3614B336737E}.Release|Any CPU.Build.0 = Release|Any CPU
		{707CA417-5EED-467A-A449-73A606089835}.Debug|Any CPU.ActiveCfg = Debug|Any CPU
		{707CA417-5EED-467A-A449-73A606089835}.Debug|Any CPU.Build.0 = Debug|Any CPU
		{707CA417-5EED-467A-A449-73A606089835}.Release|Any CPU.ActiveCfg = Release|Any CPU
		{707CA417-5EED-467A-A449-73A606089835}.Release|Any CPU.Build.0 = Release|Any CPU
	EndGlobalSection
	GlobalSection(SolutionProperties) = preSolution
		HideSolutionNode = FALSE
	EndGlobalSection
	GlobalSection(NestedProjects) = preSolution
		{474EEA84-EBFB-4925-BDC2-619C21E7EBC9} = {01E85AC0-EFEF-4564-9EE9-9A124776B72E}
		{EDA94EFF-7FF4-4C79-BC52-93BC7E696FF6} = {68985ADC-F984-4594-AF38-6A6EEFB2DFDE}
		{86B313ED-41D4-424F-A172-7D0E8EEE5E49} = {8DF5B138-1052-4991-88EF-FF23AE1DCC34}
		{8701FCC7-0420-4E57-9FD5-5B3943FD255E} = {01E85AC0-EFEF-4564-9EE9-9A124776B72E}
		{8C83A791-0A38-4E42-8261-3614B336737E} = {01E85AC0-EFEF-4564-9EE9-9A124776B72E}
		{707CA417-5EED-467A-A449-73A606089835} = {01E85AC0-EFEF-4564-9EE9-9A124776B72E}
	EndGlobalSection
EndGlobal
